
Microsoft Visual Studio Solution File, Format Version 12.00
# Visual Studio 15
VisualStudioVersion = 15.0.28307.329
MinimumVisualStudioVersion = 10.0.40219.1
Project("{9A19103F-16F7-4668-BE54-9A1E7A4F7556}") = "ValueTuple", "ValueTuple\ValueTuple.csproj", "{4ACCE722-837F-410E-8E63-9B5BFE2D1781}"
EndProject
Project("{7CF6DF6D-3B04-46F8-A40B-537D21BCA0B4}") = "ValueTuple.Documentation", "ValueTuple.Documentation\ValueTuple.Documentation.shfbproj", "{CF5ED3FF-5615-4770-AE41-24F81C833D10}"
	ProjectSection(ProjectDependencies) = postProject
		{4ACCE722-837F-410E-8E63-9B5BFE2D1781} = {4ACCE722-837F-410E-8E63-9B5BFE2D1781}
	EndProjectSection
EndProject
Project("{2150E333-8FDC-42A3-9474-1A3956D46DE8}") = "Solution Items", "Solution Items", "{95A10311-A28D-4F45-B01E-41C65C5346A3}"
	ProjectSection(SolutionItems) = preProject
		.gitignore = .gitignore
		LICENSE = LICENSE
	EndProjectSection
EndProject
Global
	GlobalSection(SolutionConfigurationPlatforms) = preSolution
		Debug|Any CPU = Debug|Any CPU
		Release|Any CPU = Release|Any CPU
	EndGlobalSection
	GlobalSection(ProjectConfigurationPlatforms) = postSolution
		{4ACCE722-837F-410E-8E63-9B5BFE2D1781}.Debug|Any CPU.ActiveCfg = Debug|Any CPU
		{4ACCE722-837F-410E-8E63-9B5BFE2D1781}.Debug|Any CPU.Build.0 = Debug|Any CPU
		{4ACCE722-837F-410E-8E63-9B5BFE2D1781}.Release|Any CPU.ActiveCfg = Release|Any CPU
		{4ACCE722-837F-410E-8E63-9B5BFE2D1781}.Release|Any CPU.Build.0 = Release|Any CPU
		{CF5ED3FF-5615-4770-AE41-24F81C833D10}.Debug|Any CPU.ActiveCfg = Debug|Any CPU
		{CF5ED3FF-5615-4770-AE41-24F81C833D10}.Debug|Any CPU.Build.0 = Debug|Any CPU
		{CF5ED3FF-5615-4770-AE41-24F81C833D10}.Release|Any CPU.ActiveCfg = Release|Any CPU
		{CF5ED3FF-5615-4770-AE41-24F81C833D10}.Release|Any CPU.Build.0 = Release|Any CPU
	EndGlobalSection
	GlobalSection(SolutionProperties) = preSolution
		HideSolutionNode = FALSE
	EndGlobalSection
	GlobalSection(ExtensibilityGlobals) = postSolution
		SolutionGuid = {04BEA6ED-F17A-4273-9FBC-93B541682BC7}
	EndGlobalSection
EndGlobal
